
Microsoft Visual Studio Solution File, Format Version 12.00
# Visual Studio 15
VisualStudioVersion = 15.0.28010.2003
MinimumVisualStudioVersion = 10.0.40219.1
Project("{9A19103F-16F7-4668-BE54-9A1E7A4F7556}") = "GingerPythonPluginTest", "GingerPythonPluginTest\GingerPythonPluginTest.csproj", "{7A299719-9B13-43C8-A711-89DCA6AB31FB}"
EndProject
Project("{9A19103F-16F7-4668-BE54-9A1E7A4F7556}") = "GingerPythonPluginConsole", "GingerPythonPluginConsole\GingerPythonPluginConsole.csproj", "{709FC3B1-9E5A-4EB6-9FCE-C11A2D24E51F}"
EndProject
Project("{9A19103F-16F7-4668-BE54-9A1E7A4F7556}") = "Test", "Test\Test.csproj", "{629A55AD-E86C-42A5-88CB-5DEDA5D39547}"
EndProject
Global
	GlobalSection(SolutionConfigurationPlatforms) = preSolution
		Debug|Any CPU = Debug|Any CPU
		Release|Any CPU = Release|Any CPU
	EndGlobalSection
	GlobalSection(ProjectConfigurationPlatforms) = postSolution
		{7A299719-9B13-43C8-A711-89DCA6AB31FB}.Debug|Any CPU.ActiveCfg = Debug|Any CPU
		{7A299719-9B13-43C8-A711-89DCA6AB31FB}.Debug|Any CPU.Build.0 = Debug|Any CPU
		{7A299719-9B13-43C8-A711-89DCA6AB31FB}.Release|Any CPU.ActiveCfg = Release|Any CPU
		{7A299719-9B13-43C8-A711-89DCA6AB31FB}.Release|Any CPU.Build.0 = Release|Any CPU
		{709FC3B1-9E5A-4EB6-9FCE-C11A2D24E51F}.Debug|Any CPU.ActiveCfg = Debug|Any CPU
		{709FC3B1-9E5A-4EB6-9FCE-C11A2D24E51F}.Debug|Any CPU.Build.0 = Debug|Any CPU
		{709FC3B1-9E5A-4EB6-9FCE-C11A2D24E51F}.Release|Any CPU.ActiveCfg = Release|Any CPU
		{709FC3B1-9E5A-4EB6-9FCE-C11A2D24E51F}.Release|Any CPU.Build.0 = Release|Any CPU
		{629A55AD-E86C-42A5-88CB-5DEDA5D39547}.Debug|Any CPU.ActiveCfg = Debug|Any CPU
		{629A55AD-E86C-42A5-88CB-5DEDA5D39547}.Debug|Any CPU.Build.0 = Debug|Any CPU
		{629A55AD-E86C-42A5-88CB-5DEDA5D39547}.Release|Any CPU.ActiveCfg = Release|Any CPU
		{629A55AD-E86C-42A5-88CB-5DEDA5D39547}.Release|Any CPU.Build.0 = Release|Any CPU
	EndGlobalSection
	GlobalSection(SolutionProperties) = preSolution
		HideSolutionNode = FALSE
	EndGlobalSection
	GlobalSection(ExtensibilityGlobals) = postSolution
		SolutionGuid = {F82CA9F6-D98D-4A06-9BFC-4A0FE0C1754B}
	EndGlobalSection
EndGlobal
